// !$*UTF8*$!
{
	archiveVersion = 1;
	classes = {
	};
	objectVersion = 46;
	objects = {

/* Begin PBXBuildFile section */
		CDC881121E210281001ADA51 /* main.m in Sources */ = {isa = PBXBuildFile; fileRef = CDC881111E210281001ADA51 /* main.m */; };
		CDC881181E210281001ADA51 /* ViewController.m in Sources */ = {isa = PBXBuildFile; fileRef = CDC881171E210281001ADA51 /* ViewController.m */; };
		CDC8811B1E210281001ADA51 /* Main.storyboard in Resources */ = {isa = PBXBuildFile; fileRef = CDC881191E210281001ADA51 /* Main.storyboard */; };
		CDC8811D1E210281001ADA51 /* Assets.xcassets in Resources */ = {isa = PBXBuildFile; fileRef = CDC8811C1E210281001ADA51 /* Assets.xcassets */; };
		CDC881201E210281001ADA51 /* LaunchScreen.storyboard in Resources */ = {isa = PBXBuildFile; fileRef = CDC8811E1E210281001ADA51 /* LaunchScreen.storyboard */; };
		CDC8814F1E21041A001ADA51 /* businessType.plist in Resources */ = {isa = PBXBuildFile; fileRef = CDC8812B1E21041A001ADA51 /* businessType.plist */; };
		CDC881501E21041A001ADA51 /* UILabel+Addition.m in Sources */ = {isa = PBXBuildFile; fileRef = CDC8812F1E21041A001ADA51 /* UILabel+Addition.m */; };
		CDC881511E21041A001ADA51 /* Info.plist in Resources */ = {isa = PBXBuildFile; fileRef = CDC881321E21041A001ADA51 /* Info.plist */; };
		CDC881521E21041A001ADA51 /* MASCompositeConstraint.m in Sources */ = {isa = PBXBuildFile; fileRef = CDC881341E21041A001ADA51 /* MASCompositeConstraint.m */; };
		CDC881531E21041A001ADA51 /* MASConstraint.m in Sources */ = {isa = PBXBuildFile; fileRef = CDC881371E21041A001ADA51 /* MASConstraint.m */; };
		CDC881541E21041A001ADA51 /* MASConstraintMaker.m in Sources */ = {isa = PBXBuildFile; fileRef = CDC881391E21041A001ADA51 /* MASConstraintMaker.m */; };
		CDC881551E21041A001ADA51 /* MASLayoutConstraint.m in Sources */ = {isa = PBXBuildFile; fileRef = CDC8813B1E21041A001ADA51 /* MASLayoutConstraint.m */; };
		CDC881561E21041A001ADA51 /* MASViewAttribute.m in Sources */ = {isa = PBXBuildFile; fileRef = CDC8813F1E21041A001ADA51 /* MASViewAttribute.m */; };
		CDC881571E21041A001ADA51 /* MASViewConstraint.m in Sources */ = {isa = PBXBuildFile; fileRef = CDC881411E21041A001ADA51 /* MASViewConstraint.m */; };
		CDC881581E21041A001ADA51 /* NSArray+MASAdditions.m in Sources */ = {isa = PBXBuildFile; fileRef = CDC881431E21041A001ADA51 /* NSArray+MASAdditions.m */; };
		CDC881591E21041A001ADA51 /* NSLayoutConstraint+MASDebugAdditions.m in Sources */ = {isa = PBXBuildFile; fileRef = CDC881461E21041A001ADA51 /* NSLayoutConstraint+MASDebugAdditions.m */; };
		CDC8815A1E21041A001ADA51 /* View+MASAdditions.m in Sources */ = {isa = PBXBuildFile; fileRef = CDC881481E21041A001ADA51 /* View+MASAdditions.m */; };
		CDC8815B1E21041A001ADA51 /* ViewController+MASAdditions.m in Sources */ = {isa = PBXBuildFile; fileRef = CDC8814B1E21041A001ADA51 /* ViewController+MASAdditions.m */; };
		CDC8815C1E21041A001ADA51 /* AppDelegate.m in Sources */ = {isa = PBXBuildFile; fileRef = CDC8814E1E21041A001ADA51 /* AppDelegate.m */; };
		CDC8815F1E21112A001ADA51 /* LLBusinessTypeFlowLayout.m in Sources */ = {isa = PBXBuildFile; fileRef = CDC8815E1E21112A001ADA51 /* LLBusinessTypeFlowLayout.m */; };
		CDC881621E211870001ADA51 /* LLBusinessType.m in Sources */ = {isa = PBXBuildFile; fileRef = CDC881611E211870001ADA51 /* LLBusinessType.m */; };
		CDC881651E211E85001ADA51 /* LLBussnissTypeCell.m in Sources */ = {isa = PBXBuildFile; fileRef = CDC881641E211E85001ADA51 /* LLBussnissTypeCell.m */; };
/* End PBXBuildFile section */

/* Begin PBXFileReference section */
		CDC8810D1E210281001ADA51 /* AliPay_商品分类Demo.app */ = {isa = PBXFileReference; explicitFileType = wrapper.application; includeInIndex = 0; path = "AliPay_商品分类Demo.app"; sourceTree = BUILT_PRODUCTS_DIR; };
		CDC881111E210281001ADA51 /* main.m */ = {isa = PBXFileReference; lastKnownFileType = sourcecode.c.objc; path = main.m; sourceTree = "<group>"; };
		CDC881161E210281001ADA51 /* ViewController.h */ = {isa = PBXFileReference; lastKnownFileType = sourcecode.c.h; path = ViewController.h; sourceTree = "<group>"; };
		CDC881171E210281001ADA51 /* ViewController.m */ = {isa = PBXFileReference; lastKnownFileType = sourcecode.c.objc; path = ViewController.m; sourceTree = "<group>"; };
		CDC8811A1E210281001ADA51 /* Base */ = {isa = PBXFileReference; lastKnownFileType = file.storyboard; name = Base; path = Base.lproj/Main.storyboard; sourceTree = "<group>"; };
		CDC8811C1E210281001ADA51 /* Assets.xcassets */ = {isa = PBXFileReference; lastKnownFileType = folder.assetcatalog; path = Assets.xcassets; sourceTree = "<group>"; };
		CDC8811F1E210281001ADA51 /* Base */ = {isa = PBXFileReference; lastKnownFileType = file.storyboard; name = Base; path = Base.lproj/LaunchScreen.storyboard; sourceTree = "<group>"; };
		CDC881211E210281001ADA51 /* Info.plist */ = {isa = PBXFileReference; lastKnownFileType = text.plist.xml; path = Info.plist; sourceTree = "<group>"; };
		CDC8812B1E21041A001ADA51 /* businessType.plist */ = {isa = PBXFileReference; fileEncoding = 4; lastKnownFileType = text.plist.xml; path = businessType.plist; sourceTree = "<group>"; };
		CDC8812E1E21041A001ADA51 /* UILabel+Addition.h */ = {isa = PBXFileReference; fileEncoding = 4; lastKnownFileType = sourcecode.c.h; path = "UILabel+Addition.h"; sourceTree = "<group>"; };
		CDC8812F1E21041A001ADA51 /* UILabel+Addition.m */ = {isa = PBXFileReference; fileEncoding = 4; lastKnownFileType = sourcecode.c.objc; path = "UILabel+Addition.m"; sourceTree = "<group>"; };
		CDC881321E21041A001ADA51 /* Info.plist */ = {isa = PBXFileReference; fileEncoding = 4; lastKnownFileType = text.plist.xml; path = Info.plist; sourceTree = "<group>"; };
		CDC881331E21041A001ADA51 /* MASCompositeConstraint.h */ = {isa = PBXFileReference; fileEncoding = 4; lastKnownFileType = sourcecode.c.h; path = MASCompositeConstraint.h; sourceTree = "<group>"; };
		CDC881341E21041A001ADA51 /* MASCompositeConstraint.m */ = {isa = PBXFileReference; fileEncoding = 4; lastKnownFileType = sourcecode.c.objc; path = MASCompositeConstraint.m; sourceTree = "<group>"; };
		CDC881351E21041A001ADA51 /* MASConstraint+Private.h */ = {isa = PBXFileReference; fileEncoding = 4; lastKnownFileType = sourcecode.c.h; path = "MASConstraint+Private.h"; sourceTree = "<group>"; };
		CDC881361E21041A001ADA51 /* MASConstraint.h */ = {isa = PBXFileReference; fileEncoding = 4; lastKnownFileType = sourcecode.c.h; path = MASConstraint.h; sourceTree = "<group>"; };
		CDC881371E21041A001ADA51 /* MASConstraint.m */ = {isa = PBXFileReference; fileEncoding = 4; lastKnownFileType = sourcecode.c.objc; path = MASConstraint.m; sourceTree = "<group>"; };
		CDC881381E21041A001ADA51 /* MASConstraintMaker.h */ = {isa = PBXFileReference; fileEncoding = 4; lastKnownFileType = sourcecode.c.h; path = MASConstraintMaker.h; sourceTree = "<group>"; };
		CDC881391E21041A001ADA51 /* MASConstraintMaker.m */ = {isa = PBXFileReference; fileEncoding = 4; lastKnownFileType = sourcecode.c.objc; path = MASConstraintMaker.m; sourceTree = "<group>"; };
		CDC8813A1E21041A001ADA51 /* MASLayoutConstraint.h */ = {isa = PBXFileReference; fileEncoding = 4; lastKnownFileType = sourcecode.c.h; path = MASLayoutConstraint.h; sourceTree = "<group>"; };
		CDC8813B1E21041A001ADA51 /* MASLayoutConstraint.m */ = {isa = PBXFileReference; fileEncoding = 4; lastKnownFileType = sourcecode.c.objc; path = MASLayoutConstraint.m; sourceTree = "<group>"; };
		CDC8813C1E21041A001ADA51 /* Masonry.h */ = {isa = PBXFileReference; fileEncoding = 4; lastKnownFileType = sourcecode.c.h; path = Masonry.h; sourceTree = "<group>"; };
		CDC8813D1E21041A001ADA51 /* MASUtilities.h */ = {isa = PBXFileReference; fileEncoding = 4; lastKnownFileType = sourcecode.c.h; path = MASUtilities.h; sourceTree = "<group>"; };
		CDC8813E1E21041A001ADA51 /* MASViewAttribute.h */ = {isa = PBXFileReference; fileEncoding = 4; lastKnownFileType = sourcecode.c.h; path = MASViewAttribute.h; sourceTree = "<group>"; };
		CDC8813F1E21041A001ADA51 /* MASViewAttribute.m */ = {isa = PBXFileReference; fileEncoding = 4; lastKnownFileType = sourcecode.c.objc; path = MASViewAttribute.m; sourceTree = "<group>"; };
		CDC881401E21041A001ADA51 /* MASViewConstraint.h */ = {isa = PBXFileReference; fileEncoding = 4; lastKnownFileType = sourcecode.c.h; path = MASViewConstraint.h; sourceTree = "<group>"; };
		CDC881411E21041A001ADA51 /* MASViewConstraint.m */ = {isa = PBXFileReference; fileEncoding = 4; lastKnownFileType = sourcecode.c.objc; path = MASViewConstraint.m; sourceTree = "<group>"; };
		CDC881421E21041A001ADA51 /* NSArray+MASAdditions.h */ = {isa = PBXFileReference; fileEncoding = 4; lastKnownFileType = sourcecode.c.h; path = "NSArray+MASAdditions.h"; sourceTree = "<group>"; };
		CDC881431E21041A001ADA51 /* NSArray+MASAdditions.m */ = {isa = PBXFileReference; fileEncoding = 4; lastKnownFileType = sourcecode.c.objc; path = "NSArray+MASAdditions.m"; sourceTree = "<group>"; };
		CDC881441E21041A001ADA51 /* NSArray+MASShorthandAdditions.h */ = {isa = PBXFileReference; fileEncoding = 4; lastKnownFileType = sourcecode.c.h; path = "NSArray+MASShorthandAdditions.h"; sourceTree = "<group>"; };
		CDC881451E21041A001ADA51 /* NSLayoutConstraint+MASDebugAdditions.h */ = {isa = PBXFileReference; fileEncoding = 4; lastKnownFileType = sourcecode.c.h; path = "NSLayoutConstraint+MASDebugAdditions.h"; sourceTree = "<group>"; };
		CDC881461E21041A001ADA51 /* NSLayoutConstraint+MASDebugAdditions.m */ = {isa = PBXFileReference; fileEncoding = 4; lastKnownFileType = sourcecode.c.objc; path = "NSLayoutConstraint+MASDebugAdditions.m"; sourceTree = "<group>"; };
		CDC881471E21041A001ADA51 /* View+MASAdditions.h */ = {isa = PBXFileReference; fileEncoding = 4; lastKnownFileType = sourcecode.c.h; path = "View+MASAdditions.h"; sourceTree = "<group>"; };
		CDC881481E21041A001ADA51 /* View+MASAdditions.m */ = {isa = PBXFileReference; fileEncoding = 4; lastKnownFileType = sourcecode.c.objc; path = "View+MASAdditions.m"; sourceTree = "<group>"; };
		CDC881491E21041A001ADA51 /* View+MASShorthandAdditions.h */ = {isa = PBXFileReference; fileEncoding = 4; lastKnownFileType = sourcecode.c.h; path = "View+MASShorthandAdditions.h"; sourceTree = "<group>"; };
		CDC8814A1E21041A001ADA51 /* ViewController+MASAdditions.h */ = {isa = PBXFileReference; fileEncoding = 4; lastKnownFileType = sourcecode.c.h; path = "ViewController+MASAdditions.h"; sourceTree = "<group>"; };
		CDC8814B1E21041A001ADA51 /* ViewController+MASAdditions.m */ = {isa = PBXFileReference; fileEncoding = 4; lastKnownFileType = sourcecode.c.objc; path = "ViewController+MASAdditions.m"; sourceTree = "<group>"; };
		CDC8814D1E21041A001ADA51 /* AppDelegate.h */ = {isa = PBXFileReference; fileEncoding = 4; lastKnownFileType = sourcecode.c.h; path = AppDelegate.h; sourceTree = "<group>"; };
		CDC8814E1E21041A001ADA51 /* AppDelegate.m */ = {isa = PBXFileReference; fileEncoding = 4; lastKnownFileType = sourcecode.c.objc; path = AppDelegate.m; sourceTree = "<group>"; };
		CDC8815D1E21112A001ADA51 /* LLBusinessTypeFlowLayout.h */ = {isa = PBXFileReference; fileEncoding = 4; lastKnownFileType = sourcecode.c.h; path = LLBusinessTypeFlowLayout.h; sourceTree = "<group>"; };
		CDC8815E1E21112A001ADA51 /* LLBusinessTypeFlowLayout.m */ = {isa = PBXFileReference; fileEncoding = 4; lastKnownFileType = sourcecode.c.objc; path = LLBusinessTypeFlowLayout.m; sourceTree = "<group>"; };
		CDC881601E211870001ADA51 /* LLBusinessType.h */ = {isa = PBXFileReference; fileEncoding = 4; lastKnownFileType = sourcecode.c.h; path = LLBusinessType.h; sourceTree = "<group>"; };
		CDC881611E211870001ADA51 /* LLBusinessType.m */ = {isa = PBXFileReference; fileEncoding = 4; lastKnownFileType = sourcecode.c.objc; path = LLBusinessType.m; sourceTree = "<group>"; };
		CDC881631E211E85001ADA51 /* LLBussnissTypeCell.h */ = {isa = PBXFileReference; fileEncoding = 4; lastKnownFileType = sourcecode.c.h; path = LLBussnissTypeCell.h; sourceTree = "<group>"; };
		CDC881641E211E85001ADA51 /* LLBussnissTypeCell.m */ = {isa = PBXFileReference; fileEncoding = 4; lastKnownFileType = sourcecode.c.objc; path = LLBussnissTypeCell.m; sourceTree = "<group>"; };
/* End PBXFileReference section */

/* Begin PBXFrameworksBuildPhase section */
		CDC8810A1E210281001ADA51 /* Frameworks */ = {
			isa = PBXFrameworksBuildPhase;
			buildActionMask = 2147483647;
			files = (
			);
			runOnlyForDeploymentPostprocessing = 0;
		};
/* End PBXFrameworksBuildPhase section */

/* Begin PBXGroup section */
		CDC881041E210281001ADA51 = {
			isa = PBXGroup;
			children = (
				CDC8810F1E210281001ADA51 /* AliPay_商品分类Demo */,
				CDC8810E1E210281001ADA51 /* Products */,
			);
			sourceTree = "<group>";
		};
		CDC8810E1E210281001ADA51 /* Products */ = {
			isa = PBXGroup;
			children = (
				CDC8810D1E210281001ADA51 /* AliPay_商品分类Demo.app */,
			);
			name = Products;
			sourceTree = "<group>";
		};
		CDC8810F1E210281001ADA51 /* AliPay_商品分类Demo */ = {
			isa = PBXGroup;
			children = (
				CDC881301E21041A001ADA51 /* Lib */,
				CDC8812D1E21041A001ADA51 /* Common */,
				CDC881271E21041A001ADA51 /* AliPay_BusinessType */,
				CDC8814C1E21041A001ADA51 /* Other */,
				CDC881161E210281001ADA51 /* ViewController.h */,
				CDC881171E210281001ADA51 /* ViewController.m */,
				CDC881191E210281001ADA51 /* Main.storyboard */,
				CDC8811C1E210281001ADA51 /* Assets.xcassets */,
				CDC8811E1E210281001ADA51 /* LaunchScreen.storyboard */,
				CDC881211E210281001ADA51 /* Info.plist */,
				CDC881101E210281001ADA51 /* Supporting Files */,
			);
			path = "AliPay_商品分类Demo";
			sourceTree = "<group>";
		};
		CDC881101E210281001ADA51 /* Supporting Files */ = {
			isa = PBXGroup;
			children = (
				CDC881111E210281001ADA51 /* main.m */,
			);
			name = "Supporting Files";
			sourceTree = "<group>";
		};
		CDC881271E21041A001ADA51 /* AliPay_BusinessType */ = {
			isa = PBXGroup;
			children = (
				CDC8812A1E21041A001ADA51 /* Other */,
				CDC881281E21041A001ADA51 /* Controller */,
				CDC881291E21041A001ADA51 /* Model */,
				CDC8812C1E21041A001ADA51 /* View */,
			);
			path = AliPay_BusinessType;
			sourceTree = "<group>";
		};
		CDC881281E21041A001ADA51 /* Controller */ = {
			isa = PBXGroup;
			children = (
			);
			path = Controller;
			sourceTree = "<group>";
		};
		CDC881291E21041A001ADA51 /* Model */ = {
			isa = PBXGroup;
			children = (
				CDC881601E211870001ADA51 /* LLBusinessType.h */,
				CDC881611E211870001ADA51 /* LLBusinessType.m */,
			);
			path = Model;
			sourceTree = "<group>";
		};
		CDC8812A1E21041A001ADA51 /* Other */ = {
			isa = PBXGroup;
			children = (
				CDC8812B1E21041A001ADA51 /* businessType.plist */,
				CDC8815D1E21112A001ADA51 /* LLBusinessTypeFlowLayout.h */,
				CDC8815E1E21112A001ADA51 /* LLBusinessTypeFlowLayout.m */,
			);
			path = Other;
			sourceTree = "<group>";
		};
		CDC8812C1E21041A001ADA51 /* View */ = {
			isa = PBXGroup;
			children = (
				CDC881631E211E85001ADA51 /* LLBussnissTypeCell.h */,
				CDC881641E211E85001ADA51 /* LLBussnissTypeCell.m */,
			);
			path = View;
			sourceTree = "<group>";
		};
		CDC8812D1E21041A001ADA51 /* Common */ = {
			isa = PBXGroup;
			children = (
				CDC8812E1E21041A001ADA51 /* UILabel+Addition.h */,
				CDC8812F1E21041A001ADA51 /* UILabel+Addition.m */,
			);
			path = Common;
			sourceTree = "<group>";
		};
		CDC881301E21041A001ADA51 /* Lib */ = {
			isa = PBXGroup;
			children = (
				CDC881311E21041A001ADA51 /* Masonry */,
			);
			path = Lib;
			sourceTree = "<group>";
		};
		CDC881311E21041A001ADA51 /* Masonry */ = {
			isa = PBXGroup;
			children = (
				CDC881321E21041A001ADA51 /* Info.plist */,
				CDC881331E21041A001ADA51 /* MASCompositeConstraint.h */,
				CDC881341E21041A001ADA51 /* MASCompositeConstraint.m */,
				CDC881351E21041A001ADA51 /* MASConstraint+Private.h */,
				CDC881361E21041A001ADA51 /* MASConstraint.h */,
				CDC881371E21041A001ADA51 /* MASConstraint.m */,
				CDC881381E21041A001ADA51 /* MASConstraintMaker.h */,
				CDC881391E21041A001ADA51 /* MASConstraintMaker.m */,
				CDC8813A1E21041A001ADA51 /* MASLayoutConstraint.h */,
				CDC8813B1E21041A001ADA51 /* MASLayoutConstraint.m */,
				CDC8813C1E21041A001ADA51 /* Masonry.h */,
				CDC8813D1E21041A001ADA51 /* MASUtilities.h */,
				CDC8813E1E21041A001ADA51 /* MASViewAttribute.h */,
				CDC8813F1E21041A001ADA51 /* MASViewAttribute.m */,
				CDC881401E21041A001ADA51 /* MASViewConstraint.h */,
				CDC881411E21041A001ADA51 /* MASViewConstraint.m */,
				CDC881421E21041A001ADA51 /* NSArray+MASAdditions.h */,
				CDC881431E21041A001ADA51 /* NSArray+MASAdditions.m */,
				CDC881441E21041A001ADA51 /* NSArray+MASShorthandAdditions.h */,
				CDC881451E21041A001ADA51 /* NSLayoutConstraint+MASDebugAdditions.h */,
				CDC881461E21041A001ADA51 /* NSLayoutConstraint+MASDebugAdditions.m */,
				CDC881471E21041A001ADA51 /* View+MASAdditions.h */,
				CDC881481E21041A001ADA51 /* View+MASAdditions.m */,
				CDC881491E21041A001ADA51 /* View+MASShorthandAdditions.h */,
				CDC8814A1E21041A001ADA51 /* ViewController+MASAdditions.h */,
				CDC8814B1E21041A001ADA51 /* ViewController+MASAdditions.m */,
			);
			path = Masonry;
			sourceTree = "<group>";
		};
		CDC8814C1E21041A001ADA51 /* Other */ = {
			isa = PBXGroup;
			children = (
				CDC8814D1E21041A001ADA51 /* AppDelegate.h */,
				CDC8814E1E21041A001ADA51 /* AppDelegate.m */,
			);
			path = Other;
			sourceTree = "<group>";
		};
/* End PBXGroup section */

/* Begin PBXNativeTarget section */
		CDC8810C1E210281001ADA51 /* AliPay_商品分类Demo */ = {
			isa = PBXNativeTarget;
			buildConfigurationList = CDC881241E210281001ADA51 /* Build configuration list for PBXNativeTarget "AliPay_商品分类Demo" */;
			buildPhases = (
				CDC881091E210281001ADA51 /* Sources */,
				CDC8810A1E210281001ADA51 /* Frameworks */,
				CDC8810B1E210281001ADA51 /* Resources */,
			);
			buildRules = (
			);
			dependencies = (
			);
			name = "AliPay_商品分类Demo";
			productName = "AliPay_商品分类Demo";
			productReference = CDC8810D1E210281001ADA51 /* AliPay_商品分类Demo.app */;
			productType = "com.apple.product-type.application";
		};
/* End PBXNativeTarget section */

/* Begin PBXProject section */
		CDC881051E210281001ADA51 /* Project object */ = {
			isa = PBXProject;
			attributes = {
				CLASSPREFIX = LL;
				LastUpgradeCheck = 0820;
				ORGANIZATIONNAME = LockLight;
				TargetAttributes = {
					CDC8810C1E210281001ADA51 = {
						CreatedOnToolsVersion = 8.2.1;
						DevelopmentTeam = BV8SCCJTGN;
						ProvisioningStyle = Automatic;
					};
				};
			};
			buildConfigurationList = CDC881081E210281001ADA51 /* Build configuration list for PBXProject "AliPay_商品分类Demo" */;
			compatibilityVersion = "Xcode 3.2";
			developmentRegion = English;
			hasScannedForEncodings = 0;
			knownRegions = (
				en,
				Base,
			);
			mainGroup = CDC881041E210281001ADA51;
			productRefGroup = CDC8810E1E210281001ADA51 /* Products */;
			projectDirPath = "";
			projectRoot = "";
			targets = (
				CDC8810C1E210281001ADA51 /* AliPay_商品分类Demo */,
			);
		};
/* End PBXProject section */

/* Begin PBXResourcesBuildPhase section */
		CDC8810B1E210281001ADA51 /* Resources */ = {
			isa = PBXResourcesBuildPhase;
			buildActionMask = 2147483647;
			files = (
				CDC881201E210281001ADA51 /* LaunchScreen.storyboard in Resources */,
				CDC8811D1E210281001ADA51 /* Assets.xcassets in Resources */,
				CDC8814F1E21041A001ADA51 /* businessType.plist in Resources */,
				CDC881511E21041A001ADA51 /* Info.plist in Resources */,
				CDC8811B1E210281001ADA51 /* Main.storyboard in Resources */,
			);
			runOnlyForDeploymentPostprocessing = 0;
		};
/* End PBXResourcesBuildPhase section */

/* Begin PBXSourcesBuildPhase section */
		CDC881091E210281001ADA51 /* Sources */ = {
			isa = PBXSourcesBuildPhase;
			buildActionMask = 2147483647;
			files = (
				CDC881591E21041A001ADA51 /* NSLayoutConstraint+MASDebugAdditions.m in Sources */,
				CDC881621E211870001ADA51 /* LLBusinessType.m in Sources */,
				CDC881571E21041A001ADA51 /* MASViewConstraint.m in Sources */,
				CDC881521E21041A001ADA51 /* MASCompositeConstraint.m in Sources */,
				CDC881581E21041A001ADA51 /* NSArray+MASAdditions.m in Sources */,
				CDC881181E210281001ADA51 /* ViewController.m in Sources */,
				CDC8815F1E21112A001ADA51 /* LLBusinessTypeFlowLayout.m in Sources */,
				CDC881121E210281001ADA51 /* main.m in Sources */,
				CDC8815C1E21041A001ADA51 /* AppDelegate.m in Sources */,
				CDC881551E21041A001ADA51 /* MASLayoutConstraint.m in Sources */,
				CDC881501E21041A001ADA51 /* UILabel+Addition.m in Sources */,
				CDC8815B1E21041A001ADA51 /* ViewController+MASAdditions.m in Sources */,
				CDC8815A1E21041A001ADA51 /* View+MASAdditions.m in Sources */,
				CDC881561E21041A001ADA51 /* MASViewAttribute.m in Sources */,
				CDC881651E211E85001ADA51 /* LLBussnissTypeCell.m in Sources */,
				CDC881531E21041A001ADA51 /* MASConstraint.m in Sources */,
				CDC881541E21041A001ADA51 /* MASConstraintMaker.m in Sources */,
			);
			runOnlyForDeploymentPostprocessing = 0;
		};
/* End PBXSourcesBuildPhase section */

/* Begin PBXVariantGroup section */
		CDC881191E210281001ADA51 /* Main.storyboard */ = {
			isa = PBXVariantGroup;
			children = (
				CDC8811A1E210281001ADA51 /* Base */,
			);
			name = Main.storyboard;
			sourceTree = "<group>";
		};
		CDC8811E1E210281001ADA51 /* LaunchScreen.storyboard */ = {
			isa = PBXVariantGroup;
			children = (
				CDC8811F1E210281001ADA51 /* Base */,
			);
			name = LaunchScreen.storyboard;
			sourceTree = "<group>";
		};
/* End PBXVariantGroup section */

/* Begin XCBuildConfiguration section */
		CDC881221E210281001ADA51 /* Debug */ = {
			isa = XCBuildConfiguration;
			buildSettings = {
				ALWAYS_SEARCH_USER_PATHS = NO;
				CLANG_ANALYZER_NONNULL = YES;
				CLANG_CXX_LANGUAGE_STANDARD = "gnu++0x";
				CLANG_CXX_LIBRARY = "libc++";
				CLANG_ENABLE_MODULES = YES;
				CLANG_ENABLE_OBJC_ARC = YES;
				CLANG_WARN_BOOL_CONVERSION = YES;
				CLANG_WARN_CONSTANT_CONVERSION = YES;
				CLANG_WARN_DIRECT_OBJC_ISA_USAGE = YES_ERROR;
				CLANG_WARN_DOCUMENTATION_COMMENTS = YES;
				CLANG_WARN_EMPTY_BODY = YES;
				CLANG_WARN_ENUM_CONVERSION = YES;
				CLANG_WARN_INFINITE_RECURSION = YES;
				CLANG_WARN_INT_CONVERSION = YES;
				CLANG_WARN_OBJC_ROOT_CLASS = YES_ERROR;
				CLANG_WARN_SUSPICIOUS_MOVE = YES;
				CLANG_WARN_UNREACHABLE_CODE = YES;
				CLANG_WARN__DUPLICATE_METHOD_MATCH = YES;
				"CODE_SIGN_IDENTITY[sdk=iphoneos*]" = "iPhone Developer";
				COPY_PHASE_STRIP = NO;
				DEBUG_INFORMATION_FORMAT = dwarf;
				ENABLE_STRICT_OBJC_MSGSEND = YES;
				ENABLE_TESTABILITY = YES;
				GCC_C_LANGUAGE_STANDARD = gnu99;
				GCC_DYNAMIC_NO_PIC = NO;
				GCC_NO_COMMON_BLOCKS = YES;
				GCC_OPTIMIZATION_LEVEL = 0;
				GCC_PREPROCESSOR_DEFINITIONS = (
					"DEBUG=1",
					"$(inherited)",
				);
				GCC_WARN_64_TO_32_BIT_CONVERSION = YES;
				GCC_WARN_ABOUT_RETURN_TYPE = YES_ERROR;
				GCC_WARN_UNDECLARED_SELECTOR = YES;
				GCC_WARN_UNINITIALIZED_AUTOS = YES_AGGRESSIVE;
				GCC_WARN_UNUSED_FUNCTION = YES;
				GCC_WARN_UNUSED_VARIABLE = YES;
				IPHONEOS_DEPLOYMENT_TARGET = 10.2;
				MTL_ENABLE_DEBUG_INFO = YES;
				ONLY_ACTIVE_ARCH = YES;
				SDKROOT = iphoneos;
			};
			name = Debug;
		};
		CDC881231E210281001ADA51 /* Release */ = {
			isa = XCBuildConfiguration;
			buildSettings = {
				ALWAYS_SEARCH_USER_PATHS = NO;
				CLANG_ANALYZER_NONNULL = YES;
				CLANG_CXX_LANGUAGE_STANDARD = "gnu++0x";
				CLANG_CXX_LIBRARY = "libc++";
				CLANG_ENABLE_MODULES = YES;
				CLANG_ENABLE_OBJC_ARC = YES;
				CLANG_WARN_BOOL_CONVERSION = YES;
				CLANG_WARN_CONSTANT_CONVERSION = YES;
				CLANG_WARN_DIRECT_OBJC_ISA_USAGE = YES_ERROR;
				CLANG_WARN_DOCUMENTATION_COMMENTS = YES;
				CLANG_WARN_EMPTY_BODY = YES;
				CLANG_WARN_ENUM_CONVERSION = YES;
				CLANG_WARN_INFINITE_RECURSION = YES;
				CLANG_WARN_INT_CONVERSION = YES;
				CLANG_WARN_OBJC_ROOT_CLASS = YES_ERROR;
				CLANG_WARN_SUSPICIOUS_MOVE = YES;
				CLANG_WARN_UNREACHABLE_CODE = YES;
				CLANG_WARN__DUPLICATE_METHOD_MATCH = YES;
				"CODE_SIGN_IDENTITY[sdk=iphoneos*]" = "iPhone Developer";
				COPY_PHASE_STRIP = NO;
				DEBUG_INFORMATION_FORMAT = "dwarf-with-dsym";
				ENABLE_NS_ASSERTIONS = NO;
				ENABLE_STRICT_OBJC_MSGSEND = YES;
				GCC_C_LANGUAGE_STANDARD = gnu99;
				GCC_NO_COMMON_BLOCKS = YES;
				GCC_WARN_64_TO_32_BIT_CONVERSION = YES;
				GCC_WARN_ABOUT_RETURN_TYPE = YES_ERROR;
				GCC_WARN_UNDECLARED_SELECTOR = YES;
				GCC_WARN_UNINITIALIZED_AUTOS = YES_AGGRESSIVE;
				GCC_WARN_UNUSED_FUNCTION = YES;
				GCC_WARN_UNUSED_VARIABLE = YES;
				IPHONEOS_DEPLOYMENT_TARGET = 10.2;
				MTL_ENABLE_DEBUG_INFO = NO;
				SDKROOT = iphoneos;
				VALIDATE_PRODUCT = YES;
			};
			name = Release;
		};
		CDC881251E210281001ADA51 /* Debug */ = {
			isa = XCBuildConfiguration;
			buildSettings = {
				ASSETCATALOG_COMPILER_APPICON_NAME = AppIcon;
				DEVELOPMENT_TEAM = BV8SCCJTGN;
				INFOPLIST_FILE = "AliPay_商品分类Demo/Info.plist";
				LD_RUNPATH_SEARCH_PATHS = "$(inherited) @executable_path/Frameworks";
				PRODUCT_BUNDLE_IDENTIFIER = "com.LockLightz-gmail.com.AliPay-----Demo";
				PRODUCT_NAME = "$(TARGET_NAME)";
			};
			name = Debug;
		};
		CDC881261E210281001ADA51 /* Release */ = {
			isa = XCBuildConfiguration;
			buildSettings = {
				ASSETCATALOG_COMPILER_APPICON_NAME = AppIcon;
				DEVELOPMENT_TEAM = BV8SCCJTGN;
				INFOPLIST_FILE = "AliPay_商品分类Demo/Info.plist";
				LD_RUNPATH_SEARCH_PATHS = "$(inherited) @executable_path/Frameworks";
				PRODUCT_BUNDLE_IDENTIFIER = "com.LockLightz-gmail.com.AliPay-----Demo";
				PRODUCT_NAME = "$(TARGET_NAME)";
			};
			name = Release;
		};
/* End XCBuildConfiguration section */

/* Begin XCConfigurationList section */
		CDC881081E210281001ADA51 /* Build configuration list for PBXProject "AliPay_商品分类Demo" */ = {
			isa = XCConfigurationList;
			buildConfigurations = (
				CDC881221E210281001ADA51 /* Debug */,
				CDC881231E210281001ADA51 /* Release */,
			);
			defaultConfigurationIsVisible = 0;
			defaultConfigurationName = Release;
		};
		CDC881241E210281001ADA51 /* Build configuration list for PBXNativeTarget "AliPay_商品分类Demo" */ = {
			isa = XCConfigurationList;
			buildConfigurations = (
				CDC881251E210281001ADA51 /* Debug */,
				CDC881261E210281001ADA51 /* Release */,
			);
			defaultConfigurationIsVisible = 0;
		};
/* End XCConfigurationList section */
	};
	rootObject = CDC881051E210281001ADA51 /* Project object */;
}
